PODS:
  - ComPDFKit (1.13.0)
  - KdanToolsKit (0.1.1):
    - ComPDFKit

DEPENDENCIES:
  - KdanToolsKit (from `../`)

SPEC REPOS:
  trunk:
    - ComPDFKit

EXTERNAL SOURCES:
  KdanToolsKit:
    :path: "../"

SPEC CHECKSUMS:
  ComPDFKit: 56bf4876cd6ac152604c28ba387f267b481aa58c
  KdanToolsKit: 77bcd75b785b2b1d02d7db9f8c847cefd24eb5aa

PODFILE CHECKSUM: 247aa23eeba7818ee0da3e406c748f18db5da730

COCOAPODS: 1.15.2
